
Microsoft Visual Studio Solution File, Format Version 12.00
# Visual Studio 15
VisualStudioVersion = 15.0.27130.2036
MinimumVisualStudioVersion = 10.0.40219.1
Project("{FAE04EC0-301F-11D3-BF4B-00C04F79EFBC}") = "DockerDemo", "DockerDemo\DockerDemo.csproj", "{AB9CD8C9-D7E7-4B4C-87F1-951BFC893882}"
EndProject
Project("{E53339B2-1760-4266-BCC7-CA923CBCF16C}") = "docker-compose", "docker-compose.dcproj", "{750276F1-7579-48EA-AB52-F161A256E58D}"
EndProject
Global
	GlobalSection(SolutionConfigurationPlatforms) = preSolution
		Debug|Any CPU = Debug|Any CPU
		Release|Any CPU = Release|Any CPU
	EndGlobalSection
	GlobalSection(ProjectConfigurationPlatforms) = postSolution
		{AB9CD8C9-D7E7-4B4C-87F1-951BFC893882}.Debug|Any CPU.ActiveCfg = Debug|Any CPU
		{AB9CD8C9-D7E7-4B4C-87F1-951BFC893882}.Debug|Any CPU.Build.0 = Debug|Any CPU
		{AB9CD8C9-D7E7-4B4C-87F1-951BFC893882}.Release|Any CPU.ActiveCfg = Release|Any CPU
		{AB9CD8C9-D7E7-4B4C-87F1-951BFC893882}.Release|Any CPU.Build.0 = Release|Any CPU
		{750276F1-7579-48EA-AB52-F161A256E58D}.Debug|Any CPU.ActiveCfg = Debug|Any CPU
		{750276F1-7579-48EA-AB52-F161A256E58D}.Debug|Any CPU.Build.0 = Debug|Any CPU
		{750276F1-7579-48EA-AB52-F161A256E58D}.Release|Any CPU.ActiveCfg = Release|Any CPU
		{750276F1-7579-48EA-AB52-F161A256E58D}.Release|Any CPU.Build.0 = Release|Any CPU
	EndGlobalSection
	GlobalSection(SolutionProperties) = preSolution
		HideSolutionNode = FALSE
	EndGlobalSection
	GlobalSection(ExtensibilityGlobals) = postSolution
		SolutionGuid = {ED6AF3D7-B314-46BE-974F-55876D734B5E}
	EndGlobalSection
EndGlobal
